// !$*UTF8*$!
{
	archiveVersion = 1;
	classes = {
	};
	objectVersion = 56;
	objects = {

/* Begin PBXBuildFile section */
		0297D60D4D00754AC877BFF2 /* MainAssembly.swift in Sources */ = {isa = PBXBuildFile; fileRef = D56904B4094E2651514B7242 /* MainAssembly.swift */; };
		0CA70F12892292C38102250C /* Pods_CalculatorUITests.framework in Frameworks */ = {isa = PBXBuildFile; fileRef = A0524ACD6897BAAE795582EE /* Pods_CalculatorUITests.framework */; };
		11F4D3DC9E4A225C26B1C035 /* LaunchScreen.storyboard in Resources */ = {isa = PBXBuildFile; fileRef = 5C38E723FB040D4FE5F2F5B3 /* LaunchScreen.storyboard */; };
		1CD5E81FDCD9244FF4887FA5 /* Assets.xcassets in Resources */ = {isa = PBXBuildFile; fileRef = 9CA18520011122D3DE1B65F0 /* Assets.xcassets */; };
		1F6994A3921330AB7E3BB32C /* .ruby-version in Resources */ = {isa = PBXBuildFile; fileRef = 9235F95E5EB1601508BE6955 /* .ruby-version */; };
		1F75CE2063E22C05D765C528 /* SceneDelegate.swift in Sources */ = {isa = PBXBuildFile; fileRef = 6C5DAD0B82F0CAF3666165F1 /* SceneDelegate.swift */; };
		1FFD206BB96944E62C36C4F2 /* TuistBundle+Calculator.swift in Sources */ = {isa = PBXBuildFile; fileRef = 56F33A21F7083E695B6AF187 /* TuistBundle+Calculator.swift */; };
		2903DC5F3DC23F39403F3454 /* Pods_CalculatorTests.framework in Frameworks */ = {isa = PBXBuildFile; fileRef = 42B1C5F2156AD75E3EDB1340 /* Pods_CalculatorTests.framework */; };
		2B20D2890F5242929ADAF32E /* .gitignore in Resources */ = {isa = PBXBuildFile; fileRef = A739E23AF69A45AAE7A4C82D /* .gitignore */; };
		35A20B048DE223EB8CDC74A8 /* MainViewController.swift in Sources */ = {isa = PBXBuildFile; fileRef = 659A1FF98A848E16F78A0DEB /* MainViewController.swift */; };
		361063A47701227120EA6F2B /* Container.swift in Sources */ = {isa = PBXBuildFile; fileRef = E4445F1A612423C05B24023D /* Container.swift */; };
		393138019F91BD2AF0A11BCD /* CalculatorUITests.swift in Sources */ = {isa = PBXBuildFile; fileRef = 1660128BE1DFC156C2CE074F /* CalculatorUITests.swift */; };
		398D4064926A0BDF027B2DEB /* .periphery-version in Resources */ = {isa = PBXBuildFile; fileRef = 16F9D09B507ABBCB8C9D34D0 /* .periphery-version */; };
		3C9EF92B6C79F2E5B652AD38 /* swiftlint.sh in Resources */ = {isa = PBXBuildFile; fileRef = 46FAECFEFB5AD83C24F1FADE /* swiftlint.sh */; };
		4EED91E96E5885DEA04AC2E3 /* IAssembly.swift in Sources */ = {isa = PBXBuildFile; fileRef = F1D8E16EED6FAAC85C423F27 /* IAssembly.swift */; };
		5C2E8309C84C327AED3E5341 /* .jazzy.yml in Resources */ = {isa = PBXBuildFile; fileRef = 137EAAEF856DD46E06375864 /* .jazzy.yml */; };
		5D0F51DABF1614A266ECDBB8 /* TuistFonts+Calculator.swift in Sources */ = {isa = PBXBuildFile; fileRef = B62359B6448F86584F91F6E7 /* TuistFonts+Calculator.swift */; };
		5DE81DCA85485091A871CB2E /* test.sh in Resources */ = {isa = PBXBuildFile; fileRef = E99EBE91E22DDB3B3E46C80C /* test.sh */; };
		64F70B9520E1199C426F865D /* Montserrat-Medium.ttf in Resources */ = {isa = PBXBuildFile; fileRef = AE6EB719B0D9B1EEF172084C /* Montserrat-Medium.ttf */; };
		65BCF51D1E8C97734B943B77 /* ButtonFactory.swift in Sources */ = {isa = PBXBuildFile; fileRef = 054D9F5C65ADD9A7CD80005F /* ButtonFactory.swift */; };
		72B91771913FF66BBB08EE8E /* AppDelegate.swift in Sources */ = {isa = PBXBuildFile; fileRef = 74CA8942E6A873CDDB2DF774 /* AppDelegate.swift */; };
		7735408112B825EAD9B91B43 /* Makefile in Resources */ = {isa = PBXBuildFile; fileRef = 11C0F2D2900B62462B27E9F4 /* Makefile */; };
		7832637C6F9C70FC8CABECCC /* .swiftlint.yml in Resources */ = {isa = PBXBuildFile; fileRef = 6DEEAD884BFC9B472DEB059B /* .swiftlint.yml */; };
		7DC84573EC7D18690997BCEA /* TuistCoreData+Calculator.swift in Sources */ = {isa = PBXBuildFile; fileRef = D85474AD9382F905E3DF38EF /* TuistCoreData+Calculator.swift */; };
		833CA288EA0BD6D85E4A7121 /* CalculatorButton.swift in Sources */ = {isa = PBXBuildFile; fileRef = 0DE86A10997465615C629654 /* CalculatorButton.swift */; };
		86F592AAB41CD7EE07761359 /* Gemfile in Resources */ = {isa = PBXBuildFile; fileRef = 5615B268B4FD069033442731 /* Gemfile */; };
		96DC384DF23E92306DC06CA1 /* periphery.sh in Resources */ = {isa = PBXBuildFile; fileRef = 44A699AB2CE57281E74CEF0E /* periphery.sh */; };
		A328C198691215762CB6AF0D /* README.TXT in Resources */ = {isa = PBXBuildFile; fileRef = 74E6E2961379CEC0C564EB4B /* README.TXT */; };
		A6E0F72DFF312DE6D4167F2B /* Podfile in Resources */ = {isa = PBXBuildFile; fileRef = 9562822FD70382487A6137F0 /* Podfile */; };
		B2CAA7712E8C611D008F5A53 /* Switch.swift in Sources */ = {isa = PBXBuildFile; fileRef = B2CAA7702E8C611D008F5A53 /* Switch.swift */; };
		B2CAA7752E8E9B52008F5A53 /* UserDefaultsThemeManager.swift in Sources */ = {isa = PBXBuildFile; fileRef = B2CAA7742E8E9B52008F5A53 /* UserDefaultsThemeManager.swift */; };
		B2CAA77A2E8E9E56008F5A53 /* UserDefaultsManager.swift in Sources */ = {isa = PBXBuildFile; fileRef = B2CAA7792E8E9E56008F5A53 /* UserDefaultsManager.swift */; };
		B48AA91A53F8E49A60AD81F3 /* ci.yml in Resources */ = {isa = PBXBuildFile; fileRef = 622BAEB47C5A202166B44AE0 /* ci.yml */; };
		B4E56A38802D9A253FF379CA /* Calculator.xcdatamodeld in Sources */ = {isa = PBXBuildFile; fileRef = 70E0993747339096276FA10B /* Calculator.xcdatamodeld */; };
		B640C6BF6EB3B1949E4035B9 /* UIViewController+Preview.swift in Sources */ = {isa = PBXBuildFile; fileRef = 62BD72B6EAB16B0C246EAAF7 /* UIViewController+Preview.swift */; };
		B6F001C7787C50070245E391 /* Podfile.lock in Resources */ = {isa = PBXBuildFile; fileRef = C244163083705B8C78354318 /* Podfile.lock */; };
		BAA55C3BC3FC2BC8CB5BC883 /* TuistStrings+Calculator.swift in Sources */ = {isa = PBXBuildFile; fileRef = 15B5061F7921DB2D49061BA0 /* TuistStrings+Calculator.swift */; };
		BB76AF41FBF450D9DD4EF1FE /* .tuist-version in Resources */ = {isa = PBXBuildFile; fileRef = B1CE0BC9672B944D99626554 /* .tuist-version */; };
		BD5AD09B85A4E58E02784E73 /* CalculatorViewCell.swift in Sources */ = {isa = PBXBuildFile; fileRef = F1918C5F4145992141A40B78 /* CalculatorViewCell.swift */; };
		BE74E2BB5CA794F956088499 /* Localizable.strings in Resources */ = {isa = PBXBuildFile; fileRef = 4AEC9F8C1D04C73A76901FCB /* Localizable.strings */; };
		D071A2EFC73CC307F4F6BB72 /* Montserrat-Regular.ttf in Resources */ = {isa = PBXBuildFile; fileRef = E91A220C258E52FBCBE57402 /* Montserrat-Regular.ttf */; };
		DF30762C93EE1EB7DD25F1B8 /* MainPresenter.swift in Sources */ = {isa = PBXBuildFile; fileRef = 3A30841D8B877A4B4BF3E359 /* MainPresenter.swift */; };
		E10997C41B93DBEC141E5135 /* Gemfile.lock in Resources */ = {isa = PBXBuildFile; fileRef = 397D417D9CAFFFBE7AAC4D93 /* Gemfile.lock */; };
		E20C82F13B5136E27BEC39F5 /* CalculatorTests.swift in Sources */ = {isa = PBXBuildFile; fileRef = 99CC8F10E383C0D900EAEF77 /* CalculatorTests.swift */; };
		E71D1976F12908A86622E92C /* build.sh in Resources */ = {isa = PBXBuildFile; fileRef = 5CDD4B95D660ED77F07F2BD2 /* build.sh */; };
		EDBB54397ECF6269968968EF /* TuistAssets+Calculator.swift in Sources */ = {isa = PBXBuildFile; fileRef = CEDED1A94ABBF144BF34859A /* TuistAssets+Calculator.swift */; };
		EE85FA71BC1C26F5C829B348 /* .periphery.yml in Resources */ = {isa = PBXBuildFile; fileRef = 31330C739008E86BE8FEAF94 /* .periphery.yml */; };
		F129E59AEFB229D036F3EE2A /* Button.swift in Sources */ = {isa = PBXBuildFile; fileRef = CDC62B8EDC3FB0A13D60DD30 /* Button.swift */; };
		F8A5FABC64A26FA5B8305AD8 /* Montserrat-SemiBold.ttf in Resources */ = {isa = PBXBuildFile; fileRef = 41B19BB322306D231942D77A /* Montserrat-SemiBold.ttf */; };
		FE568D076C44BA8B9EE03BFE /* Pods_Calculator.framework in Frameworks */ = {isa = PBXBuildFile; fileRef = EFD7E5FC1B0D11BA8C6E7DFB /* Pods_Calculator.framework */; };
/* End PBXBuildFile section */

/* Begin PBXContainerItemProxy section */
		3CF45C42B5A6B1198D3C3E18 /* PBXContainerItemProxy */ = {
			isa = PBXContainerItemProxy;
			containerPortal = 7B04AF00D8A7A16191845F46 /* Project object */;
			proxyType = 1;
			remoteGlobalIDString = 1D8EB27A85F5D97675EDB9D6;
			remoteInfo = Calculator;
		};
		F1A54225952249F4CB080896 /* PBXContainerItemProxy */ = {
			isa = PBXContainerItemProxy;
			containerPortal = 7B04AF00D8A7A16191845F46 /* Project object */;
			proxyType = 1;
			remoteGlobalIDString = 1D8EB27A85F5D97675EDB9D6;
			remoteInfo = Calculator;
		};
/* End PBXContainerItemProxy section */

/* Begin PBXCopyFilesBuildPhase section */
		00164D4EBDD24EDC7BC66D80 /* Embed Frameworks */ = {
			isa = PBXCopyFilesBuildPhase;
			buildActionMask = 2147483647;
			dstPath = "";
			dstSubfolderSpec = 10;
			files = (
			);
			name = "Embed Frameworks";
			runOnlyForDeploymentPostprocessing = 0;
		};
		3E12A82FDC27E5F07E9B0695 /* Embed Frameworks */ = {
			isa = PBXCopyFilesBuildPhase;
			buildActionMask = 2147483647;
			dstPath = "";
			dstSubfolderSpec = 10;
			files = (
			);
			name = "Embed Frameworks";
			runOnlyForDeploymentPostprocessing = 0;
		};
		4899D7AB260C6A0D1FAECCE7 /* Embed Frameworks */ = {
			isa = PBXCopyFilesBuildPhase;
			buildActionMask = 2147483647;
			dstPath = "";
			dstSubfolderSpec = 10;
			files = (
			);
			name = "Embed Frameworks";
			runOnlyForDeploymentPostprocessing = 0;
		};
		8D4A211DE560648F8727E5DA /* Embed Frameworks */ = {
			isa = PBXCopyFilesBuildPhase;
			buildActionMask = 2147483647;
			dstPath = "";
			dstSubfolderSpec = 10;
			files = (
			);
			name = "Embed Frameworks";
			runOnlyForDeploymentPostprocessing = 0;
		};
/* End PBXCopyFilesBuildPhase section */

/* Begin PBXFileReference section */
		008D2E7766938636126B4FFB /* Periphery-Info.plist */ = {isa = PBXFileReference; lastKnownFileType = text.plist; path = "Periphery-Info.plist"; sourceTree = "<group>"; };
		054D9F5C65ADD9A7CD80005F /* ButtonFactory.swift */ = {isa = PBXFileReference; lastKnownFileType = sourcecode.swift; path = ButtonFactory.swift; sourceTree = "<group>"; };
		0DE86A10997465615C629654 /* CalculatorButton.swift */ = {isa = PBXFileReference; lastKnownFileType = sourcecode.swift; path = CalculatorButton.swift; sourceTree = "<group>"; };
		11C0F2D2900B62462B27E9F4 /* Makefile */ = {isa = PBXFileReference; lastKnownFileType = sourcecode.make; path = Makefile; sourceTree = "<group>"; };
		137EAAEF856DD46E06375864 /* .jazzy.yml */ = {isa = PBXFileReference; lastKnownFileType = text.yaml; path = .jazzy.yml; sourceTree = "<group>"; };
		15B5061F7921DB2D49061BA0 /* TuistStrings+Calculator.swift */ = {isa = PBXFileReference; lastKnownFileType = sourcecode.swift; path = "TuistStrings+Calculator.swift"; sourceTree = "<group>"; };
		1660128BE1DFC156C2CE074F /* CalculatorUITests.swift */ = {isa = PBXFileReference; lastKnownFileType = sourcecode.swift; path = CalculatorUITests.swift; sourceTree = "<group>"; };
		16F9D09B507ABBCB8C9D34D0 /* .periphery-version */ = {isa = PBXFileReference; lastKnownFileType = text; path = ".periphery-version"; sourceTree = "<group>"; };
		2212CE7037F265F7134795B3 /* CalculatorTests.xctest */ = {isa = PBXFileReference; explicitFileType = wrapper.cfbundle; includeInIndex = 0; path = CalculatorTests.xctest; sourceTree = BUILT_PRODUCTS_DIR; };
		2358BA040A12F3DE4EB21A3B /* ru */ = {isa = PBXFileReference; lastKnownFileType = text.plist.strings; name = ru; path = ru.lproj/Localizable.strings; sourceTree = "<group>"; };
		2EFB2CC837E0A4773E32C372 /* Pods-Calculator.debug.xcconfig */ = {isa = PBXFileReference; includeInIndex = 1; lastKnownFileType = text.xcconfig; name = "Pods-Calculator.debug.xcconfig"; path = "Target Support Files/Pods-Calculator/Pods-Calculator.debug.xcconfig"; sourceTree = "<group>"; };
		31330C739008E86BE8FEAF94 /* .periphery.yml */ = {isa = PBXFileReference; lastKnownFileType = text.yaml; path = .periphery.yml; sourceTree = "<group>"; };
		349B8C502022034706FE262C /* Pods-Calculator.release.xcconfig */ = {isa = PBXFileReference; includeInIndex = 1; lastKnownFileType = text.xcconfig; name = "Pods-Calculator.release.xcconfig"; path = "Target Support Files/Pods-Calculator/Pods-Calculator.release.xcconfig"; sourceTree = "<group>"; };
		397D417D9CAFFFBE7AAC4D93 /* Gemfile.lock */ = {isa = PBXFileReference; lastKnownFileType = text; path = Gemfile.lock; sourceTree = "<group>"; };
		3A30841D8B877A4B4BF3E359 /* MainPresenter.swift */ = {isa = PBXFileReference; lastKnownFileType = sourcecode.swift; path = MainPresenter.swift; sourceTree = "<group>"; };
		41B19BB322306D231942D77A /* Montserrat-SemiBold.ttf */ = {isa = PBXFileReference; lastKnownFileType = file; path = "Montserrat-SemiBold.ttf"; sourceTree = "<group>"; };
		42B1C5F2156AD75E3EDB1340 /* Pods_CalculatorTests.framework */ = {isa = PBXFileReference; explicitFileType = wrapper.framework; includeInIndex = 0; path = Pods_CalculatorTests.framework; sourceTree = BUILT_PRODUCTS_DIR; };
		44A699AB2CE57281E74CEF0E /* periphery.sh */ = {isa = PBXFileReference; lastKnownFileType = text.script.sh; path = periphery.sh; sourceTree = "<group>"; };
		463236F1C51DE311386298AB /* Periphery */ = {isa = PBXFileReference; explicitFileType = "compiled.mach-o.executable"; includeInIndex = 0; path = Periphery; sourceTree = BUILT_PRODUCTS_DIR; };
		46FAECFEFB5AD83C24F1FADE /* swiftlint.sh */ = {isa = PBXFileReference; lastKnownFileType = text.script.sh; path = swiftlint.sh; sourceTree = "<group>"; };
		47E08F048731259C0344D63C /* Pods-CalculatorUITests.debug.xcconfig */ = {isa = PBXFileReference; includeInIndex = 1; lastKnownFileType = text.xcconfig; name = "Pods-CalculatorUITests.debug.xcconfig"; path = "Target Support Files/Pods-CalculatorUITests/Pods-CalculatorUITests.debug.xcconfig"; sourceTree = "<group>"; };
		4DD80692E7443E1244D1FD2E /* Calculator.app */ = {isa = PBXFileReference; explicitFileType = wrapper.application; includeInIndex = 0; path = Calculator.app; sourceTree = BUILT_PRODUCTS_DIR; };
		4DEFDAC78C5033A1ED8745B9 /* Info.plist */ = {isa = PBXFileReference; lastKnownFileType = text.plist; path = Info.plist; sourceTree = "<group>"; };
		5615B268B4FD069033442731 /* Gemfile */ = {isa = PBXFileReference; lastKnownFileType = text; path = Gemfile; sourceTree = "<group>"; };
		56F33A21F7083E695B6AF187 /* TuistBundle+Calculator.swift */ = {isa = PBXFileReference; lastKnownFileType = sourcecode.swift; path = "TuistBundle+Calculator.swift"; sourceTree = "<group>"; };
		5CDD4B95D660ED77F07F2BD2 /* build.sh */ = {isa = PBXFileReference; lastKnownFileType = text.script.sh; path = build.sh; sourceTree = "<group>"; };
		622BAEB47C5A202166B44AE0 /* ci.yml */ = {isa = PBXFileReference; lastKnownFileType = text.yaml; path = ci.yml; sourceTree = "<group>"; };
		62BD72B6EAB16B0C246EAAF7 /* UIViewController+Preview.swift */ = {isa = PBXFileReference; lastKnownFileType = sourcecode.swift; path = "UIViewController+Preview.swift"; sourceTree = "<group>"; };
		659A1FF98A848E16F78A0DEB /* MainViewController.swift */ = {isa = PBXFileReference; lastKnownFileType = sourcecode.swift; path = MainViewController.swift; sourceTree = "<group>"; };
		6859B3F7F6B582CF71F43ABA /* CalculatorUITests.xctest */ = {isa = PBXFileReference; explicitFileType = wrapper.cfbundle; includeInIndex = 0; path = CalculatorUITests.xctest; sourceTree = BUILT_PRODUCTS_DIR; };
		6C5DAD0B82F0CAF3666165F1 /* SceneDelegate.swift */ = {isa = PBXFileReference; lastKnownFileType = sourcecode.swift; path = SceneDelegate.swift; sourceTree = "<group>"; };
		6CEEC8777FFBC9EF34C8693F /* Pods-CalculatorTests.release.xcconfig */ = {isa = PBXFileReference; includeInIndex = 1; lastKnownFileType = text.xcconfig; name = "Pods-CalculatorTests.release.xcconfig"; path = "Target Support Files/Pods-CalculatorTests/Pods-CalculatorTests.release.xcconfig"; sourceTree = "<group>"; };
		6DEEAD884BFC9B472DEB059B /* .swiftlint.yml */ = {isa = PBXFileReference; lastKnownFileType = text.yaml; path = .swiftlint.yml; sourceTree = "<group>"; };
		6EFBF5AD1D3EF56FC1D5E03B /* Calculator.xcdatamodel */ = {isa = PBXFileReference; lastKnownFileType = wrapper.xcdatamodel; path = Calculator.xcdatamodel; sourceTree = "<group>"; };
		74CA8942E6A873CDDB2DF774 /* AppDelegate.swift */ = {isa = PBXFileReference; lastKnownFileType = sourcecode.swift; path = AppDelegate.swift; sourceTree = "<group>"; };
		74E6E2961379CEC0C564EB4B /* README.TXT */ = {isa = PBXFileReference; lastKnownFileType = text; path = README.TXT; sourceTree = "<group>"; };
		76E0596D8A60B28F138FC58B /* CalculatorTests-Info.plist */ = {isa = PBXFileReference; lastKnownFileType = text.plist; path = "CalculatorTests-Info.plist"; sourceTree = "<group>"; };
		80DB67B4DD162CD24AA85975 /* Pods-CalculatorUITests.release.xcconfig */ = {isa = PBXFileReference; includeInIndex = 1; lastKnownFileType = text.xcconfig; name = "Pods-CalculatorUITests.release.xcconfig"; path = "Target Support Files/Pods-CalculatorUITests/Pods-CalculatorUITests.release.xcconfig"; sourceTree = "<group>"; };
		9235F95E5EB1601508BE6955 /* .ruby-version */ = {isa = PBXFileReference; lastKnownFileType = text; path = ".ruby-version"; sourceTree = "<group>"; };
		9562822FD70382487A6137F0 /* Podfile */ = {isa = PBXFileReference; lastKnownFileType = text; path = Podfile; sourceTree = "<group>"; };
		99CC8F10E383C0D900EAEF77 /* CalculatorTests.swift */ = {isa = PBXFileReference; lastKnownFileType = sourcecode.swift; path = CalculatorTests.swift; sourceTree = "<group>"; };
		9CA18520011122D3DE1B65F0 /* Assets.xcassets */ = {isa = PBXFileReference; lastKnownFileType = folder.assetcatalog; path = Assets.xcassets; sourceTree = "<group>"; };
		A0524ACD6897BAAE795582EE /* Pods_CalculatorUITests.framework */ = {isa = PBXFileReference; explicitFileType = wrapper.framework; includeInIndex = 0; path = Pods_CalculatorUITests.framework; sourceTree = BUILT_PRODUCTS_DIR; };
		A739E23AF69A45AAE7A4C82D /* .gitignore */ = {isa = PBXFileReference; lastKnownFileType = text; path = .gitignore; sourceTree = "<group>"; };
		AE6EB719B0D9B1EEF172084C /* Montserrat-Medium.ttf */ = {isa = PBXFileReference; lastKnownFileType = file; path = "Montserrat-Medium.ttf"; sourceTree = "<group>"; };
		B1CE0BC9672B944D99626554 /* .tuist-version */ = {isa = PBXFileReference; lastKnownFileType = text; path = ".tuist-version"; sourceTree = "<group>"; };
		B2CAA7702E8C611D008F5A53 /* Switch.swift */ = {isa = PBXFileReference; lastKnownFileType = sourcecode.swift; path = Switch.swift; sourceTree = "<group>"; };
		B2CAA7742E8E9B52008F5A53 /* UserDefaultsThemeManager.swift */ = {isa = PBXFileReference; lastKnownFileType = sourcecode.swift; path = UserDefaultsThemeManager.swift; sourceTree = "<group>"; };
		B2CAA7792E8E9E56008F5A53 /* UserDefaultsManager.swift */ = {isa = PBXFileReference; lastKnownFileType = sourcecode.swift; path = UserDefaultsManager.swift; sourceTree = "<group>"; };
		B62359B6448F86584F91F6E7 /* TuistFonts+Calculator.swift */ = {isa = PBXFileReference; lastKnownFileType = sourcecode.swift; path = "TuistFonts+Calculator.swift"; sourceTree = "<group>"; };
		C244163083705B8C78354318 /* Podfile.lock */ = {isa = PBXFileReference; lastKnownFileType = text; path = Podfile.lock; sourceTree = "<group>"; };
		C3CAD04EA9B3316E630437E1 /* Base */ = {isa = PBXFileReference; lastKnownFileType = file.storyboard; name = Base; path = Base.lproj/LaunchScreen.storyboard; sourceTree = "<group>"; };
		C4BC309F3672A8879B5D9E31 /* CalculatorUITests-Info.plist */ = {isa = PBXFileReference; lastKnownFileType = text.plist; path = "CalculatorUITests-Info.plist"; sourceTree = "<group>"; };
		CA011FE76D047AA15F20550C /* ru */ = {isa = PBXFileReference; lastKnownFileType = text.plist.strings; name = ru; path = ru.lproj/LaunchScreen.strings; sourceTree = "<group>"; };
		CDC62B8EDC3FB0A13D60DD30 /* Button.swift */ = {isa = PBXFileReference; lastKnownFileType = sourcecode.swift; path = Button.swift; sourceTree = "<group>"; };
		CEDED1A94ABBF144BF34859A /* TuistAssets+Calculator.swift */ = {isa = PBXFileReference; lastKnownFileType = sourcecode.swift; path = "TuistAssets+Calculator.swift"; sourceTree = "<group>"; };
		D56904B4094E2651514B7242 /* MainAssembly.swift */ = {isa = PBXFileReference; lastKnownFileType = sourcecode.swift; path = MainAssembly.swift; sourceTree = "<group>"; };
		D85474AD9382F905E3DF38EF /* TuistCoreData+Calculator.swift */ = {isa = PBXFileReference; lastKnownFileType = sourcecode.swift; path = "TuistCoreData+Calculator.swift"; sourceTree = "<group>"; };
		D98BACBF5FFB78742475D8E2 /* Pods-CalculatorTests.debug.xcconfig */ = {isa = PBXFileReference; includeInIndex = 1; lastKnownFileType = text.xcconfig; name = "Pods-CalculatorTests.debug.xcconfig"; path = "Target Support Files/Pods-CalculatorTests/Pods-CalculatorTests.debug.xcconfig"; sourceTree = "<group>"; };
		DFAF9D9FCE56BAE4B6B5C168 /* en */ = {isa = PBXFileReference; lastKnownFileType = text.plist.strings; name = en; path = en.lproj/Localizable.strings; sourceTree = "<group>"; };
		E4445F1A612423C05B24023D /* Container.swift */ = {isa = PBXFileReference; lastKnownFileType = sourcecode.swift; path = Container.swift; sourceTree = "<group>"; };
		E91A220C258E52FBCBE57402 /* Montserrat-Regular.ttf */ = {isa = PBXFileReference; lastKnownFileType = file; path = "Montserrat-Regular.ttf"; sourceTree = "<group>"; };
		E99EBE91E22DDB3B3E46C80C /* test.sh */ = {isa = PBXFileReference; lastKnownFileType = text.script.sh; path = test.sh; sourceTree = "<group>"; };
		EFD7E5FC1B0D11BA8C6E7DFB /* Pods_Calculator.framework */ = {isa = PBXFileReference; explicitFileType = wrapper.framework; includeInIndex = 0; path = Pods_Calculator.framework; sourceTree = BUILT_PRODUCTS_DIR; };
		F1918C5F4145992141A40B78 /* CalculatorViewCell.swift */ = {isa = PBXFileReference; lastKnownFileType = sourcecode.swift; path = CalculatorViewCell.swift; sourceTree = "<group>"; };
		F1D8E16EED6FAAC85C423F27 /* IAssembly.swift */ = {isa = PBXFileReference; lastKnownFileType = sourcecode.swift; path = IAssembly.swift; sourceTree = "<group>"; };
/* End PBXFileReference section */

/* Begin PBXFrameworksBuildPhase section */
		015A61B967B769AC6410E562 /* Frameworks */ = {
			isa = PBXFrameworksBuildPhase;
			buildActionMask = 2147483647;
			files = (
			);
			runOnlyForDeploymentPostprocessing = 0;
		};
		795DA7921B8888C4FC749930 /* Frameworks */ = {
			isa = PBXFrameworksBuildPhase;
			buildActionMask = 2147483647;
			files = (
				0CA70F12892292C38102250C /* Pods_CalculatorUITests.framework in Frameworks */,
			);
			runOnlyForDeploymentPostprocessing = 0;
		};
		EE9013E5A21E568D0629FE7F /* Frameworks */ = {
			isa = PBXFrameworksBuildPhase;
			buildActionMask = 2147483647;
			files = (
				FE568D076C44BA8B9EE03BFE /* Pods_Calculator.framework in Frameworks */,
			);
			runOnlyForDeploymentPostprocessing = 0;
		};
		F884A8D8775ABAC74747C7C0 /* Frameworks */ = {
			isa = PBXFrameworksBuildPhase;
			buildActionMask = 2147483647;
			files = (
				2903DC5F3DC23F39403F3454 /* Pods_CalculatorTests.framework in Frameworks */,
			);
			runOnlyForDeploymentPostprocessing = 0;
		};
/* End PBXFrameworksBuildPhase section */

/* Begin PBXGroup section */
		0330FE5AE9A5F23654CDBD6F /* Components */ = {
			isa = PBXGroup;
			children = (
				B2CAA76F2E8C610E008F5A53 /* Switch */,
				35CD30A982D0B431CA26E6D3 /* Button */,
				109C1782B5EE873F2164BD75 /* Container */,
			);
			path = Components;
			sourceTree = "<group>";
		};
		109C1782B5EE873F2164BD75 /* Container */ = {
			isa = PBXGroup;
			children = (
				E4445F1A612423C05B24023D /* Container.swift */,
			);
			path = Container;
			sourceTree = "<group>";
		};
		2443CE4ADD9E1EF119485840 /* .github */ = {
			isa = PBXGroup;
			children = (
				396ECF972C93B0797C4D76F0 /* workflows */,
				5CDD4B95D660ED77F07F2BD2 /* build.sh */,
				E99EBE91E22DDB3B3E46C80C /* test.sh */,
			);
			path = .github;
			sourceTree = "<group>";
		};
		25D03F76964B62253FFBCA99 /* Scenes */ = {
			isa = PBXGroup;
			children = (
				8A00BBA393BBDA4CFB2E06E6 /* Main */,
			);
			path = Scenes;
			sourceTree = "<group>";
		};
		30DA748CD1435796FE356529 /* Cell */ = {
			isa = PBXGroup;
			children = (
				F1918C5F4145992141A40B78 /* CalculatorViewCell.swift */,
			);
			path = Cell;
			sourceTree = "<group>";
		};
		34268E42A62C15EBCB7F9E81 /* Protocols */ = {
			isa = PBXGroup;
			children = (
				F1D8E16EED6FAAC85C423F27 /* IAssembly.swift */,
			);
			path = Protocols;
			sourceTree = "<group>";
		};
		3445057A7E31D44F487F8690 /* Calculator */ = {
			isa = PBXGroup;
			children = (
				78A4D7B0381F0337A270CE4C /* Resources */,
				937CA5FDA3CB0A339375DD7A /* Sources */,
				B5E785353EE72EFF51BABB62 /* Support */,
			);
			path = Calculator;
			sourceTree = "<group>";
		};
		35CD30A982D0B431CA26E6D3 /* Button */ = {
			isa = PBXGroup;
			children = (
				CDC62B8EDC3FB0A13D60DD30 /* Button.swift */,
				054D9F5C65ADD9A7CD80005F /* ButtonFactory.swift */,
			);
			path = Button;
			sourceTree = "<group>";
		};
		396ECF972C93B0797C4D76F0 /* workflows */ = {
			isa = PBXGroup;
			children = (
				622BAEB47C5A202166B44AE0 /* ci.yml */,
			);
			path = workflows;
			sourceTree = "<group>";
		};
		40D6CAC7E1E78370639C0448 /* App */ = {
			isa = PBXGroup;
			children = (
				74CA8942E6A873CDDB2DF774 /* AppDelegate.swift */,
				6C5DAD0B82F0CAF3666165F1 /* SceneDelegate.swift */,
				70E0993747339096276FA10B /* Calculator.xcdatamodeld */,
			);
			path = App;
			sourceTree = "<group>";
		};
		4B4C6274B4CD9FFE7747D468 /* Products */ = {
			isa = PBXGroup;
			children = (
				4DD80692E7443E1244D1FD2E /* Calculator.app */,
				2212CE7037F265F7134795B3 /* CalculatorTests.xctest */,
				6859B3F7F6B582CF71F43ABA /* CalculatorUITests.xctest */,
				463236F1C51DE311386298AB /* Periphery */,
			);
			name = Products;
			sourceTree = "<group>";
		};
		4B72F5BF96215FEF049A73F8 /* Model */ = {
			isa = PBXGroup;
			children = (
				0DE86A10997465615C629654 /* CalculatorButton.swift */,
			);
			path = Model;
			sourceTree = "<group>";
		};
		4E80A20390AE9496DB40D39E /* CalculatorTests */ = {
			isa = PBXGroup;
			children = (
				D9ACEB35F22F7AFF67095B70 /* Sources */,
			);
			path = CalculatorTests;
			sourceTree = "<group>";
		};
		69EEDD52145A4105C2814AEE /* Derived */ = {
			isa = PBXGroup;
			children = (
				E1AF87B5187B18C8EBCDD0C9 /* InfoPlists */,
				EDD553A01EB568E3B6720D91 /* Sources */,
			);
			path = Derived;
			sourceTree = "<group>";
		};
		6C225512BEF576A6CEBC6AF7 = {
			isa = PBXGroup;
			children = (
				A6D0271514ACCCBE812AAB97 /* Project */,
				4B4C6274B4CD9FFE7747D468 /* Products */,
				DB54CDD4EF3A434E8D271D80 /* Pods */,
				7438AC8F87C09BE4BD0E4B15 /* Frameworks */,
			);
			indentWidth = 4;
			sourceTree = "<group>";
			tabWidth = 4;
			usesTabs = 0;
			wrapsLines = 1;
		};
		6FE29B65630233C3C14BF56F /* Sources */ = {
			isa = PBXGroup;
			children = (
				1660128BE1DFC156C2CE074F /* CalculatorUITests.swift */,
			);
			path = Sources;
			sourceTree = "<group>";
		};
		7241C29441AA0204E03ADD1A /* Extensions */ = {
			isa = PBXGroup;
			children = (
				62BD72B6EAB16B0C246EAAF7 /* UIViewController+Preview.swift */,
			);
			path = Extensions;
			sourceTree = "<group>";
		};
		7438AC8F87C09BE4BD0E4B15 /* Frameworks */ = {
			isa = PBXGroup;
			children = (
				EFD7E5FC1B0D11BA8C6E7DFB /* Pods_Calculator.framework */,
				42B1C5F2156AD75E3EDB1340 /* Pods_CalculatorTests.framework */,
				A0524ACD6897BAAE795582EE /* Pods_CalculatorUITests.framework */,
			);
			name = Frameworks;
			sourceTree = "<group>";
		};
		78A4D7B0381F0337A270CE4C /* Resources */ = {
			isa = PBXGroup;
			children = (
				9D15553840543877C8F5C4AB /* Fonts */,
				5C38E723FB040D4FE5F2F5B3 /* LaunchScreen.storyboard */,
				4AEC9F8C1D04C73A76901FCB /* Localizable.strings */,
				9CA18520011122D3DE1B65F0 /* Assets.xcassets */,
			);
			path = Resources;
			sourceTree = "<group>";
		};
		78A5DC6690F49DDF56F369EB /* Common */ = {
			isa = PBXGroup;
			children = (
				B2CAA77B2E8EBBD2008F5A53 /* Theme */,
				B2CAA7762E8E9B60008F5A53 /* Managers */,
				0330FE5AE9A5F23654CDBD6F /* Components */,
				7241C29441AA0204E03ADD1A /* Extensions */,
				34268E42A62C15EBCB7F9E81 /* Protocols */,
			);
			path = Common;
			sourceTree = "<group>";
		};
		800623BACED1D54C9CEE4CF4 /* CalculatorUITests */ = {
			isa = PBXGroup;
			children = (
				6FE29B65630233C3C14BF56F /* Sources */,
			);
			path = CalculatorUITests;
			sourceTree = "<group>";
		};
		8A00BBA393BBDA4CFB2E06E6 /* Main */ = {
			isa = PBXGroup;
			children = (
				ABE74F98D81AF27D4AC7BC58 /* Assembly */,
				4B72F5BF96215FEF049A73F8 /* Model */,
				C6E6335838DC070597E791CB /* Presenter */,
				9AD94617C0ACDC0B1EA1E3CC /* View */,
			);
			path = Main;
			sourceTree = "<group>";
		};
		937CA5FDA3CB0A339375DD7A /* Sources */ = {
			isa = PBXGroup;
			children = (
				40D6CAC7E1E78370639C0448 /* App */,
				78A5DC6690F49DDF56F369EB /* Common */,
				25D03F76964B62253FFBCA99 /* Scenes */,
			);
			path = Sources;
			sourceTree = "<group>";
		};
		9AD94617C0ACDC0B1EA1E3CC /* View */ = {
			isa = PBXGroup;
			children = (
				30DA748CD1435796FE356529 /* Cell */,
				659A1FF98A848E16F78A0DEB /* MainViewController.swift */,
			);
			path = View;
			sourceTree = "<group>";
		};
		9D15553840543877C8F5C4AB /* Fonts */ = {
			isa = PBXGroup;
			children = (
				AE6EB719B0D9B1EEF172084C /* Montserrat-Medium.ttf */,
				E91A220C258E52FBCBE57402 /* Montserrat-Regular.ttf */,
				41B19BB322306D231942D77A /* Montserrat-SemiBold.ttf */,
			);
			path = Fonts;
			sourceTree = "<group>";
		};
		A6D0271514ACCCBE812AAB97 /* Project */ = {
			isa = PBXGroup;
			children = (
				2443CE4ADD9E1EF119485840 /* .github */,
				3445057A7E31D44F487F8690 /* Calculator */,
				4E80A20390AE9496DB40D39E /* CalculatorTests */,
				800623BACED1D54C9CEE4CF4 /* CalculatorUITests */,
				69EEDD52145A4105C2814AEE /* Derived */,
				BE1E46917417770F355523EA /* Environment */,
				A739E23AF69A45AAE7A4C82D /* .gitignore */,
				9235F95E5EB1601508BE6955 /* .ruby-version */,
				B1CE0BC9672B944D99626554 /* .tuist-version */,
				5615B268B4FD069033442731 /* Gemfile */,
				397D417D9CAFFFBE7AAC4D93 /* Gemfile.lock */,
				11C0F2D2900B62462B27E9F4 /* Makefile */,
				9562822FD70382487A6137F0 /* Podfile */,
				C244163083705B8C78354318 /* Podfile.lock */,
			);
			name = Project;
			sourceTree = "<group>";
		};
		A98F32D3405CB708B821EB56 /* SwiftLint */ = {
			isa = PBXGroup;
			children = (
				6DEEAD884BFC9B472DEB059B /* .swiftlint.yml */,
				46FAECFEFB5AD83C24F1FADE /* swiftlint.sh */,
			);
			path = SwiftLint;
			sourceTree = "<group>";
		};
		ABE74F98D81AF27D4AC7BC58 /* Assembly */ = {
			isa = PBXGroup;
			children = (
				D56904B4094E2651514B7242 /* MainAssembly.swift */,
			);
			path = Assembly;
			sourceTree = "<group>";
		};
		B2CAA76F2E8C610E008F5A53 /* Switch */ = {
			isa = PBXGroup;
			children = (
				B2CAA7702E8C611D008F5A53 /* Switch.swift */,
			);
			path = Switch;
			sourceTree = "<group>";
		};
		B2CAA7722E8E9975008F5A53 /* Storage */ = {
			isa = PBXGroup;
			children = (
				B2CAA7732E8E9993008F5A53 /* UserDefaults */,
			);
			path = Storage;
			sourceTree = "<group>";
		};
		B2CAA7732E8E9993008F5A53 /* UserDefaults */ = {
			isa = PBXGroup;
			children = (
				B2CAA7792E8E9E56008F5A53 /* UserDefaultsManager.swift */,
			);
			path = UserDefaults;
			sourceTree = "<group>";
		};
		B2CAA7762E8E9B60008F5A53 /* Managers */ = {
			isa = PBXGroup;
			children = (
				B2CAA7722E8E9975008F5A53 /* Storage */,
			);
			path = Managers;
			sourceTree = "<group>";
		};
		B2CAA77B2E8EBBD2008F5A53 /* Theme */ = {
			isa = PBXGroup;
			children = (
				B2CAA7742E8E9B52008F5A53 /* UserDefaultsThemeManager.swift */,
			);
			path = Theme;
			sourceTree = "<group>";
		};
		B5E785353EE72EFF51BABB62 /* Support */ = {
			isa = PBXGroup;
			children = (
				4DEFDAC78C5033A1ED8745B9 /* Info.plist */,
			);
			path = Support;
			sourceTree = "<group>";
		};
		BCCC9C3781556052C315AF79 /* Jazzy */ = {
			isa = PBXGroup;
			children = (
				137EAAEF856DD46E06375864 /* .jazzy.yml */,
				74E6E2961379CEC0C564EB4B /* README.TXT */,
			);
			path = Jazzy;
			sourceTree = "<group>";
		};
		BE1E46917417770F355523EA /* Environment */ = {
			isa = PBXGroup;
			children = (
				BCCC9C3781556052C315AF79 /* Jazzy */,
				E66B44183127B7CC91F3369E /* Periphery */,
				A98F32D3405CB708B821EB56 /* SwiftLint */,
			);
			path = Environment;
			sourceTree = "<group>";
		};
		C6E6335838DC070597E791CB /* Presenter */ = {
			isa = PBXGroup;
			children = (
				3A30841D8B877A4B4BF3E359 /* MainPresenter.swift */,
			);
			path = Presenter;
			sourceTree = "<group>";
		};
		D9ACEB35F22F7AFF67095B70 /* Sources */ = {
			isa = PBXGroup;
			children = (
				99CC8F10E383C0D900EAEF77 /* CalculatorTests.swift */,
			);
			path = Sources;
			sourceTree = "<group>";
		};
		DB54CDD4EF3A434E8D271D80 /* Pods */ = {
			isa = PBXGroup;
			children = (
				2EFB2CC837E0A4773E32C372 /* Pods-Calculator.debug.xcconfig */,
				349B8C502022034706FE262C /* Pods-Calculator.release.xcconfig */,
				D98BACBF5FFB78742475D8E2 /* Pods-CalculatorTests.debug.xcconfig */,
				6CEEC8777FFBC9EF34C8693F /* Pods-CalculatorTests.release.xcconfig */,
				47E08F048731259C0344D63C /* Pods-CalculatorUITests.debug.xcconfig */,
				80DB67B4DD162CD24AA85975 /* Pods-CalculatorUITests.release.xcconfig */,
			);
			path = Pods;
			sourceTree = "<group>";
		};
		E1AF87B5187B18C8EBCDD0C9 /* InfoPlists */ = {
			isa = PBXGroup;
			children = (
				76E0596D8A60B28F138FC58B /* CalculatorTests-Info.plist */,
				C4BC309F3672A8879B5D9E31 /* CalculatorUITests-Info.plist */,
				008D2E7766938636126B4FFB /* Periphery-Info.plist */,
			);
			path = InfoPlists;
			sourceTree = "<group>";
		};
		E66B44183127B7CC91F3369E /* Periphery */ = {
			isa = PBXGroup;
			children = (
				16F9D09B507ABBCB8C9D34D0 /* .periphery-version */,
				31330C739008E86BE8FEAF94 /* .periphery.yml */,
				44A699AB2CE57281E74CEF0E /* periphery.sh */,
			);
			path = Periphery;
			sourceTree = "<group>";
		};
		EDD553A01EB568E3B6720D91 /* Sources */ = {
			isa = PBXGroup;
			children = (
				CEDED1A94ABBF144BF34859A /* TuistAssets+Calculator.swift */,
				56F33A21F7083E695B6AF187 /* TuistBundle+Calculator.swift */,
				D85474AD9382F905E3DF38EF /* TuistCoreData+Calculator.swift */,
				B62359B6448F86584F91F6E7 /* TuistFonts+Calculator.swift */,
				15B5061F7921DB2D49061BA0 /* TuistStrings+Calculator.swift */,
			);
			path = Sources;
			sourceTree = "<group>";
		};
/* End PBXGroup section */

/* Begin PBXNativeTarget section */
		1D8EB27A85F5D97675EDB9D6 /* Calculator */ = {
			isa = PBXNativeTarget;
			buildConfigurationList = 1F700D656F1DA1F1B2EA4D31 /* Build configuration list for PBXNativeTarget "Calculator" */;
			buildPhases = (
				8D115D6FFD3540F4CDAA0407 /* [CP] Check Pods Manifest.lock */,
				81C477144F5D73BF88F635B5 /* Run SwiftLint */,
				40DE79EB170FE47D8E210C75 /* Sources */,
				E92469830613AF2BF49A2FFA /* Resources */,
				EE9013E5A21E568D0629FE7F /* Frameworks */,
				8D4A211DE560648F8727E5DA /* Embed Frameworks */,
			);
			buildRules = (
			);
			dependencies = (
			);
			name = Calculator;
			productName = Calculator;
			productReference = 4DD80692E7443E1244D1FD2E /* Calculator.app */;
			productType = "com.apple.product-type.application";
		};
		2227FC871BC52A9C12B45D75 /* Periphery */ = {
			isa = PBXNativeTarget;
			buildConfigurationList = 067491A30974760AAA24E931 /* Build configuration list for PBXNativeTarget "Periphery" */;
			buildPhases = (
				60CADEBEAB909B8551746A5E /* Resources */,
				015A61B967B769AC6410E562 /* Frameworks */,
				3E12A82FDC27E5F07E9B0695 /* Embed Frameworks */,
				0538F98C25BBC208C32D339E /* Run Periphery */,
			);
			buildRules = (
			);
			dependencies = (
			);
			name = Periphery;
			productName = Periphery;
			productReference = 463236F1C51DE311386298AB /* Periphery */;
			productType = "com.apple.product-type.tool";
		};
		D0FCB1E17D18209A9253154B /* CalculatorTests */ = {
			isa = PBXNativeTarget;
			buildConfigurationList = 5F3F126198402EDB3A057280 /* Build configuration list for PBXNativeTarget "CalculatorTests" */;
			buildPhases = (
				96DA46F1A8CB6BB5B2AEBCEA /* [CP] Check Pods Manifest.lock */,
				DD380093D67060F404EC3A67 /* Run SwiftLint */,
				22C202F52EF93BCDDFA375A2 /* Sources */,
				003C7FE76682E66592494219 /* Resources */,
				F884A8D8775ABAC74747C7C0 /* Frameworks */,
				4899D7AB260C6A0D1FAECCE7 /* Embed Frameworks */,
			);
			buildRules = (
			);
			dependencies = (
				6164DE08D6FC754BEA5EC893 /* PBXTargetDependency */,
			);
			name = CalculatorTests;
			productName = CalculatorTests;
			productReference = 2212CE7037F265F7134795B3 /* CalculatorTests.xctest */;
			productType = "com.apple.product-type.bundle.unit-test";
		};
		FFE9B8CA0BBA627BC0C4DC30 /* CalculatorUITests */ = {
			isa = PBXNativeTarget;
			buildConfigurationList = E338D7368960FCA7A83578B4 /* Build configuration list for PBXNativeTarget "CalculatorUITests" */;
			buildPhases = (
				72B582C1ACD6EDF1E717D820 /* [CP] Check Pods Manifest.lock */,
				3940A2E6806E7DC57E0B71C3 /* Run SwiftLint */,
				510BC1DA8372F172BC291ED3 /* Sources */,
				9219E17F891A66273C8E1A20 /* Resources */,
				795DA7921B8888C4FC749930 /* Frameworks */,
				00164D4EBDD24EDC7BC66D80 /* Embed Frameworks */,
			);
			buildRules = (
			);
			dependencies = (
				161450599C68A88E701AC6BB /* PBXTargetDependency */,
			);
			name = CalculatorUITests;
			productName = CalculatorUITests;
			productReference = 6859B3F7F6B582CF71F43ABA /* CalculatorUITests.xctest */;
			productType = "com.apple.product-type.bundle.ui-testing";
		};
/* End PBXNativeTarget section */

/* Begin PBXProject section */
		7B04AF00D8A7A16191845F46 /* Project object */ = {
			isa = PBXProject;
			attributes = {
				BuildIndependentTargetsInParallel = YES;
				ORGANIZATIONNAME = "Роман Пронин (Personal Team)";
				TargetAttributes = {
					D0FCB1E17D18209A9253154B = {
						TestTargetID = 1D8EB27A85F5D97675EDB9D6;
					};
					FFE9B8CA0BBA627BC0C4DC30 = {
						TestTargetID = 1D8EB27A85F5D97675EDB9D6;
					};
				};
			};
			buildConfigurationList = 237D2BA8516697622180F67A /* Build configuration list for PBXProject "Calculator" */;
			compatibilityVersion = "Xcode 14.0";
			developmentRegion = en;
			hasScannedForEncodings = 0;
			knownRegions = (
				Base,
				en,
				ru,
			);
			mainGroup = 6C225512BEF576A6CEBC6AF7;
			productRefGroup = 4B4C6274B4CD9FFE7747D468 /* Products */;
			projectDirPath = "";
			projectRoot = "";
			targets = (
				1D8EB27A85F5D97675EDB9D6 /* Calculator */,
				D0FCB1E17D18209A9253154B /* CalculatorTests */,
				FFE9B8CA0BBA627BC0C4DC30 /* CalculatorUITests */,
				2227FC871BC52A9C12B45D75 /* Periphery */,
			);
		};
/* End PBXProject section */

/* Begin PBXResourcesBuildPhase section */
		003C7FE76682E66592494219 /* Resources */ = {
			isa = PBXResourcesBuildPhase;
			buildActionMask = 2147483647;
			files = (
			);
			runOnlyForDeploymentPostprocessing = 0;
		};
		60CADEBEAB909B8551746A5E /* Resources */ = {
			isa = PBXResourcesBuildPhase;
			buildActionMask = 2147483647;
			files = (
			);
			runOnlyForDeploymentPostprocessing = 0;
		};
		9219E17F891A66273C8E1A20 /* Resources */ = {
			isa = PBXResourcesBuildPhase;
			buildActionMask = 2147483647;
			files = (
			);
			runOnlyForDeploymentPostprocessing = 0;
		};
		E92469830613AF2BF49A2FFA /* Resources */ = {
			isa = PBXResourcesBuildPhase;
			buildActionMask = 2147483647;
			files = (
				E71D1976F12908A86622E92C /* build.sh in Resources */,
				5DE81DCA85485091A871CB2E /* test.sh in Resources */,
				B48AA91A53F8E49A60AD81F3 /* ci.yml in Resources */,
				2B20D2890F5242929ADAF32E /* .gitignore in Resources */,
				1F6994A3921330AB7E3BB32C /* .ruby-version in Resources */,
				BB76AF41FBF450D9DD4EF1FE /* .tuist-version in Resources */,
				1CD5E81FDCD9244FF4887FA5 /* Assets.xcassets in Resources */,
				11F4D3DC9E4A225C26B1C035 /* LaunchScreen.storyboard in Resources */,
				64F70B9520E1199C426F865D /* Montserrat-Medium.ttf in Resources */,
				D071A2EFC73CC307F4F6BB72 /* Montserrat-Regular.ttf in Resources */,
				F8A5FABC64A26FA5B8305AD8 /* Montserrat-SemiBold.ttf in Resources */,
				BE74E2BB5CA794F956088499 /* Localizable.strings in Resources */,
				5C2E8309C84C327AED3E5341 /* .jazzy.yml in Resources */,
				A328C198691215762CB6AF0D /* README.TXT in Resources */,
				398D4064926A0BDF027B2DEB /* .periphery-version in Resources */,
				EE85FA71BC1C26F5C829B348 /* .periphery.yml in Resources */,
				96DC384DF23E92306DC06CA1 /* periphery.sh in Resources */,
				7832637C6F9C70FC8CABECCC /* .swiftlint.yml in Resources */,
				3C9EF92B6C79F2E5B652AD38 /* swiftlint.sh in Resources */,
				86F592AAB41CD7EE07761359 /* Gemfile in Resources */,
				E10997C41B93DBEC141E5135 /* Gemfile.lock in Resources */,
				7735408112B825EAD9B91B43 /* Makefile in Resources */,
				A6E0F72DFF312DE6D4167F2B /* Podfile in Resources */,
				B6F001C7787C50070245E391 /* Podfile.lock in Resources */,
			);
			runOnlyForDeploymentPostprocessing = 0;
		};
/* End PBXResourcesBuildPhase section */

/* Begin PBXShellScriptBuildPhase section */
		0538F98C25BBC208C32D339E /* Run Periphery */ = {
			isa = PBXShellScriptBuildPhase;
			alwaysOutOfDate = 1;
			buildActionMask = 2147483647;
			files = (
			);
			inputFileListPaths = (
			);
			inputPaths = (
			);
			name = "Run Periphery";
			outputFileListPaths = (
			);
			outputPaths = (
			);
			runOnlyForDeploymentPostprocessing = 0;
			shellPath = /bin/sh;
			shellScript = Environment/Periphery/periphery.sh;
		};
		3940A2E6806E7DC57E0B71C3 /* Run SwiftLint */ = {
			isa = PBXShellScriptBuildPhase;
			alwaysOutOfDate = 1;
			buildActionMask = 2147483647;
			files = (
			);
			inputFileListPaths = (
			);
			inputPaths = (
			);
			name = "Run SwiftLint";
			outputFileListPaths = (
			);
			outputPaths = (
			);
			runOnlyForDeploymentPostprocessing = 0;
			shellPath = /bin/sh;
			shellScript = Environment/SwiftLint/swiftlint.sh;
		};
		72B582C1ACD6EDF1E717D820 /* [CP] Check Pods Manifest.lock */ = {
			isa = PBXShellScriptBuildPhase;
			buildActionMask = 2147483647;
			files = (
			);
			inputFileListPaths = (
			);
			inputPaths = (
				"${PODS_PODFILE_DIR_PATH}/Podfile.lock",
				"${PODS_ROOT}/Manifest.lock",
			);
			name = "[CP] Check Pods Manifest.lock";
			outputFileListPaths = (
			);
			outputPaths = (
				"$(DERIVED_FILE_DIR)/Pods-CalculatorUITests-checkManifestLockResult.txt",
			);
			runOnlyForDeploymentPostprocessing = 0;
			shellPath = /bin/sh;
			shellScript = "diff \"${PODS_PODFILE_DIR_PATH}/Podfile.lock\" \"${PODS_ROOT}/Manifest.lock\" > /dev/null\nif [ $? != 0 ] ; then\n    # print error to STDERR\n    echo \"error: The sandbox is not in sync with the Podfile.lock. Run 'pod install' or update your CocoaPods installation.\" >&2\n    exit 1\nfi\n# This output is used by Xcode 'outputs' to avoid re-running this script phase.\necho \"SUCCESS\" > \"${SCRIPT_OUTPUT_FILE_0}\"\n";
			showEnvVarsInLog = 0;
		};
		81C477144F5D73BF88F635B5 /* Run SwiftLint */ = {
			isa = PBXShellScriptBuildPhase;
			alwaysOutOfDate = 1;
			buildActionMask = 2147483647;
			files = (
			);
			inputFileListPaths = (
			);
			inputPaths = (
			);
			name = "Run SwiftLint";
			outputFileListPaths = (
			);
			outputPaths = (
			);
			runOnlyForDeploymentPostprocessing = 0;
			shellPath = /bin/sh;
			shellScript = "Environment/SwiftLint/swiftlint.sh\n";
		};
		8D115D6FFD3540F4CDAA0407 /* [CP] Check Pods Manifest.lock */ = {
			isa = PBXShellScriptBuildPhase;
			buildActionMask = 2147483647;
			files = (
			);
			inputFileListPaths = (
			);
			inputPaths = (
				"${PODS_PODFILE_DIR_PATH}/Podfile.lock",
				"${PODS_ROOT}/Manifest.lock",
			);
			name = "[CP] Check Pods Manifest.lock";
			outputFileListPaths = (
			);
			outputPaths = (
				"$(DERIVED_FILE_DIR)/Pods-Calculator-checkManifestLockResult.txt",
			);
			runOnlyForDeploymentPostprocessing = 0;
			shellPath = /bin/sh;
			shellScript = "diff \"${PODS_PODFILE_DIR_PATH}/Podfile.lock\" \"${PODS_ROOT}/Manifest.lock\" > /dev/null\nif [ $? != 0 ] ; then\n    # print error to STDERR\n    echo \"error: The sandbox is not in sync with the Podfile.lock. Run 'pod install' or update your CocoaPods installation.\" >&2\n    exit 1\nfi\n# This output is used by Xcode 'outputs' to avoid re-running this script phase.\necho \"SUCCESS\" > \"${SCRIPT_OUTPUT_FILE_0}\"\n";
			showEnvVarsInLog = 0;
		};
		96DA46F1A8CB6BB5B2AEBCEA /* [CP] Check Pods Manifest.lock */ = {
			isa = PBXShellScriptBuildPhase;
			buildActionMask = 2147483647;
			files = (
			);
			inputFileListPaths = (
			);
			inputPaths = (
				"${PODS_PODFILE_DIR_PATH}/Podfile.lock",
				"${PODS_ROOT}/Manifest.lock",
			);
			name = "[CP] Check Pods Manifest.lock";
			outputFileListPaths = (
			);
			outputPaths = (
				"$(DERIVED_FILE_DIR)/Pods-CalculatorTests-checkManifestLockResult.txt",
			);
			runOnlyForDeploymentPostprocessing = 0;
			shellPath = /bin/sh;
			shellScript = "diff \"${PODS_PODFILE_DIR_PATH}/Podfile.lock\" \"${PODS_ROOT}/Manifest.lock\" > /dev/null\nif [ $? != 0 ] ; then\n    # print error to STDERR\n    echo \"error: The sandbox is not in sync with the Podfile.lock. Run 'pod install' or update your CocoaPods installation.\" >&2\n    exit 1\nfi\n# This output is used by Xcode 'outputs' to avoid re-running this script phase.\necho \"SUCCESS\" > \"${SCRIPT_OUTPUT_FILE_0}\"\n";
			showEnvVarsInLog = 0;
		};
		DD380093D67060F404EC3A67 /* Run SwiftLint */ = {
			isa = PBXShellScriptBuildPhase;
			alwaysOutOfDate = 1;
			buildActionMask = 2147483647;
			files = (
			);
			inputFileListPaths = (
			);
			inputPaths = (
			);
			name = "Run SwiftLint";
			outputFileListPaths = (
			);
			outputPaths = (
			);
			runOnlyForDeploymentPostprocessing = 0;
			shellPath = /bin/sh;
			shellScript = Environment/SwiftLint/swiftlint.sh;
		};
/* End PBXShellScriptBuildPhase section */

/* Begin PBXSourcesBuildPhase section */
		22C202F52EF93BCDDFA375A2 /* Sources */ = {
			isa = PBXSourcesBuildPhase;
			buildActionMask = 2147483647;
			files = (
				E20C82F13B5136E27BEC39F5 /* CalculatorTests.swift in Sources */,
			);
			runOnlyForDeploymentPostprocessing = 0;
		};
		40DE79EB170FE47D8E210C75 /* Sources */ = {
			isa = PBXSourcesBuildPhase;
			buildActionMask = 2147483647;
			files = (
				72B91771913FF66BBB08EE8E /* AppDelegate.swift in Sources */,
				1F75CE2063E22C05D765C528 /* SceneDelegate.swift in Sources */,
				F129E59AEFB229D036F3EE2A /* Button.swift in Sources */,
				65BCF51D1E8C97734B943B77 /* ButtonFactory.swift in Sources */,
				361063A47701227120EA6F2B /* Container.swift in Sources */,
				B640C6BF6EB3B1949E4035B9 /* UIViewController+Preview.swift in Sources */,
				B2CAA7752E8E9B52008F5A53 /* UserDefaultsThemeManager.swift in Sources */,
				4EED91E96E5885DEA04AC2E3 /* IAssembly.swift in Sources */,
				0297D60D4D00754AC877BFF2 /* MainAssembly.swift in Sources */,
				833CA288EA0BD6D85E4A7121 /* CalculatorButton.swift in Sources */,
				DF30762C93EE1EB7DD25F1B8 /* MainPresenter.swift in Sources */,
				BD5AD09B85A4E58E02784E73 /* CalculatorViewCell.swift in Sources */,
				35A20B048DE223EB8CDC74A8 /* MainViewController.swift in Sources */,
				B2CAA77A2E8E9E56008F5A53 /* UserDefaultsManager.swift in Sources */,
				EDBB54397ECF6269968968EF /* TuistAssets+Calculator.swift in Sources */,
				1FFD206BB96944E62C36C4F2 /* TuistBundle+Calculator.swift in Sources */,
				7DC84573EC7D18690997BCEA /* TuistCoreData+Calculator.swift in Sources */,
				5D0F51DABF1614A266ECDBB8 /* TuistFonts+Calculator.swift in Sources */,
				BAA55C3BC3FC2BC8CB5BC883 /* TuistStrings+Calculator.swift in Sources */,
				B4E56A38802D9A253FF379CA /* Calculator.xcdatamodeld in Sources */,
				B2CAA7712E8C611D008F5A53 /* Switch.swift in Sources */,
			);
			runOnlyForDeploymentPostprocessing = 0;
		};
		510BC1DA8372F172BC291ED3 /* Sources */ = {
			isa = PBXSourcesBuildPhase;
			buildActionMask = 2147483647;
			files = (
				393138019F91BD2AF0A11BCD /* CalculatorUITests.swift in Sources */,
			);
			runOnlyForDeploymentPostprocessing = 0;
		};
/* End PBXSourcesBuildPhase section */

/* Begin PBXTargetDependency section */
		161450599C68A88E701AC6BB /* PBXTargetDependency */ = {
			isa = PBXTargetDependency;
			name = Calculator;
			target = 1D8EB27A85F5D97675EDB9D6 /* Calculator */;
			targetProxy = F1A54225952249F4CB080896 /* PBXContainerItemProxy */;
		};
		6164DE08D6FC754BEA5EC893 /* PBXTargetDependency */ = {
			isa = PBXTargetDependency;
			name = Calculator;
			target = 1D8EB27A85F5D97675EDB9D6 /* Calculator */;
			targetProxy = 3CF45C42B5A6B1198D3C3E18 /* PBXContainerItemProxy */;
		};
/* End PBXTargetDependency section */

/* Begin PBXVariantGroup section */
		4AEC9F8C1D04C73A76901FCB /* Localizable.strings */ = {
			isa = PBXVariantGroup;
			children = (
				DFAF9D9FCE56BAE4B6B5C168 /* en */,
				2358BA040A12F3DE4EB21A3B /* ru */,
			);
			name = Localizable.strings;
			sourceTree = "<group>";
		};
		5C38E723FB040D4FE5F2F5B3 /* LaunchScreen.storyboard */ = {
			isa = PBXVariantGroup;
			children = (
				C3CAD04EA9B3316E630437E1 /* Base */,
				CA011FE76D047AA15F20550C /* ru */,
			);
			name = LaunchScreen.storyboard;
			sourceTree = "<group>";
		};
/* End PBXVariantGroup section */

/* Begin XCBuildConfiguration section */
		0D4B67CA332A0E75758EF482 /* Release */ = {
			isa = XCBuildConfiguration;
			buildSettings = {
				ALWAYS_SEARCH_USER_PATHS = NO;
				CLANG_ANALYZER_LOCALIZABILITY_NONLOCALIZED = YES;
				CLANG_ANALYZER_NONNULL = YES;
				CLANG_ANALYZER_NUMBER_OBJECT_CONVERSION = YES_AGGRESSIVE;
				CLANG_CXX_LANGUAGE_STANDARD = "gnu++14";
				CLANG_CXX_LIBRARY = "libc++";
				CLANG_ENABLE_MODULES = YES;
				CLANG_ENABLE_OBJC_ARC = YES;
				CLANG_ENABLE_OBJC_WEAK = YES;
				CLANG_WARN_BLOCK_CAPTURE_AUTORELEASING = YES;
				CLANG_WARN_BOOL_CONVERSION = YES;
				CLANG_WARN_COMMA = YES;
				CLANG_WARN_CONSTANT_CONVERSION = YES;
				CLANG_WARN_DEPRECATED_OBJC_IMPLEMENTATIONS = YES;
				CLANG_WARN_DIRECT_OBJC_ISA_USAGE = YES_ERROR;
				CLANG_WARN_DOCUMENTATION_COMMENTS = YES;
				CLANG_WARN_EMPTY_BODY = YES;
				CLANG_WARN_ENUM_CONVERSION = YES;
				CLANG_WARN_INFINITE_RECURSION = YES;
				CLANG_WARN_INT_CONVERSION = YES;
				CLANG_WARN_NON_LITERAL_NULL_CONVERSION = YES;
				CLANG_WARN_OBJC_IMPLICIT_RETAIN_SELF = YES;
				CLANG_WARN_OBJC_LITERAL_CONVERSION = YES;
				CLANG_WARN_OBJC_ROOT_CLASS = YES_ERROR;
				CLANG_WARN_QUOTED_INCLUDE_IN_FRAMEWORK_HEADER = YES;
				CLANG_WARN_RANGE_LOOP_ANALYSIS = YES;
				CLANG_WARN_STRICT_PROTOTYPES = YES;
				CLANG_WARN_SUSPICIOUS_MOVE = YES;
				CLANG_WARN_UNGUARDED_AVAILABILITY = YES_AGGRESSIVE;
				CLANG_WARN_UNREACHABLE_CODE = YES;
				CLANG_WARN__DUPLICATE_METHOD_MATCH = YES;
				CODE_SIGN_STYLE = Automatic;
				COPY_PHASE_STRIP = NO;
				CURRENT_PROJECT_VERSION = 1;
				DEAD_CODE_STRIPPING = YES;
				DEBUG_INFORMATION_FORMAT = "dwarf-with-dsym";
				DEVELOPMENT_TEAM = S9449RGK8C;
				ENABLE_NS_ASSERTIONS = NO;
				ENABLE_STRICT_OBJC_MSGSEND = YES;
				GCC_C_LANGUAGE_STANDARD = gnu11;
				GCC_NO_COMMON_BLOCKS = YES;
				GCC_WARN_64_TO_32_BIT_CONVERSION = YES;
				GCC_WARN_ABOUT_RETURN_TYPE = YES_ERROR;
				GCC_WARN_UNDECLARED_SELECTOR = YES;
				GCC_WARN_UNINITIALIZED_AUTOS = YES_AGGRESSIVE;
				GCC_WARN_UNUSED_FUNCTION = YES;
				GCC_WARN_UNUSED_VARIABLE = YES;
				MARKETING_VERSION = 1;
				MTL_ENABLE_DEBUG_INFO = NO;
				PRODUCT_NAME = "$(TARGET_NAME)";
				VALIDATE_PRODUCT = YES;
			};
			name = Release;
		};
		2E231989105AADC999BC1355 /* Debug */ = {
			isa = XCBuildConfiguration;
			buildSettings = {
				CODE_SIGN_IDENTITY = "iPhone Developer";
				INFOPLIST_FILE = "Derived/InfoPlists/Periphery-Info.plist";
				IPHONEOS_DEPLOYMENT_TARGET = 15.6;
				PRODUCT_BUNDLE_IDENTIFIER = dev.CendresChaudes.Calculator.Periphery;
				PRODUCT_NAME = Periphery;
				SDKROOT = iphoneos;
				SUPPORTS_MACCATALYST = NO;
				SUPPORTS_MAC_DESIGNED_FOR_IPHONE_IPAD = NO;
				SUPPORTS_XR_DESIGNED_FOR_IPHONE_IPAD = NO;
				SWIFT_ACTIVE_COMPILATION_CONDITIONS = "$(inherited) DEBUG";
				SWIFT_COMPILATION_MODE = singlefile;
				SWIFT_OPTIMIZATION_LEVEL = "-Onone";
				SWIFT_VERSION = 5.0;
				TARGETED_DEVICE_FAMILY = 1;
			};
			name = Debug;
		};
		33127DA67D3043532E160BF6 /* Debug */ = {
			isa = XCBuildConfiguration;
			baseConfigurationReference = 2EFB2CC837E0A4773E32C372 /* Pods-Calculator.debug.xcconfig */;
			buildSettings = {
				ASSETCATALOG_COMPILER_APPICON_NAME = AppIcon;
				ASSETCATALOG_COMPILER_GLOBAL_ACCENT_COLOR_NAME = AccentColor;
				CODE_SIGN_IDENTITY = "iPhone Developer";
				ENABLE_PREVIEWS = YES;
				INFOPLIST_FILE = Calculator/Support/Info.plist;
				IPHONEOS_DEPLOYMENT_TARGET = 15.6;
				LD_RUNPATH_SEARCH_PATHS = (
					"$(inherited)",
					"@executable_path/Frameworks",
				);
				PRODUCT_BUNDLE_IDENTIFIER = dev.CendresChaudes.Calculator;
				PRODUCT_NAME = Calculator;
				SDKROOT = iphoneos;
				SUPPORTS_MACCATALYST = NO;
				SUPPORTS_MAC_DESIGNED_FOR_IPHONE_IPAD = NO;
				SUPPORTS_XR_DESIGNED_FOR_IPHONE_IPAD = NO;
				SWIFT_ACTIVE_COMPILATION_CONDITIONS = "$(inherited) DEBUG";
				SWIFT_COMPILATION_MODE = singlefile;
				SWIFT_OPTIMIZATION_LEVEL = "-Onone";
				SWIFT_VERSION = 5.0;
				TARGETED_DEVICE_FAMILY = 1;
			};
			name = Debug;
		};
		5038B1AB010D9122E1C39A1F /* Release */ = {
			isa = XCBuildConfiguration;
			baseConfigurationReference = 6CEEC8777FFBC9EF34C8693F /* Pods-CalculatorTests.release.xcconfig */;
			buildSettings = {
				BUNDLE_LOADER = "$(TEST_HOST)";
				CODE_SIGN_IDENTITY = "iPhone Developer";
				INFOPLIST_FILE = "Derived/InfoPlists/CalculatorTests-Info.plist";
				IPHONEOS_DEPLOYMENT_TARGET = 15.6;
				LD_RUNPATH_SEARCH_PATHS = (
					"$(inherited)",
					"@executable_path/Frameworks",
					"@loader_path/Frameworks",
				);
				PRODUCT_BUNDLE_IDENTIFIER = dev.CendresChaudes.Calculator.Tests;
				PRODUCT_NAME = CalculatorTests;
				SDKROOT = iphoneos;
				SUPPORTS_MACCATALYST = NO;
				SUPPORTS_MAC_DESIGNED_FOR_IPHONE_IPAD = NO;
				SUPPORTS_XR_DESIGNED_FOR_IPHONE_IPAD = NO;
				SWIFT_COMPILATION_MODE = wholemodule;
				SWIFT_OPTIMIZATION_LEVEL = "-O";
				SWIFT_VERSION = 5.0;
				TARGETED_DEVICE_FAMILY = 1;
				TEST_HOST = "$(BUILT_PRODUCTS_DIR)/Calculator.app/$(BUNDLE_EXECUTABLE_FOLDER_PATH)/Calculator";
				TEST_TARGET_NAME = Calculator;
			};
			name = Release;
		};
		530D98BE4B2702F23C52588B /* Debug */ = {
			isa = XCBuildConfiguration;
			baseConfigurationReference = 47E08F048731259C0344D63C /* Pods-CalculatorUITests.debug.xcconfig */;
			buildSettings = {
				CODE_SIGN_IDENTITY = "iPhone Developer";
				INFOPLIST_FILE = "Derived/InfoPlists/CalculatorUITests-Info.plist";
				IPHONEOS_DEPLOYMENT_TARGET = 15.6;
				LD_RUNPATH_SEARCH_PATHS = (
					"$(inherited)",
					"@executable_path/Frameworks",
					"@loader_path/Frameworks",
				);
				PRODUCT_BUNDLE_IDENTIFIER = dev.CendresChaudes.Calculator.UITests;
				PRODUCT_NAME = CalculatorUITests;
				SDKROOT = iphoneos;
				SUPPORTS_MACCATALYST = NO;
				SUPPORTS_MAC_DESIGNED_FOR_IPHONE_IPAD = NO;
				SUPPORTS_XR_DESIGNED_FOR_IPHONE_IPAD = NO;
				SWIFT_ACTIVE_COMPILATION_CONDITIONS = "$(inherited) DEBUG";
				SWIFT_COMPILATION_MODE = singlefile;
				SWIFT_OPTIMIZATION_LEVEL = "-Onone";
				SWIFT_VERSION = 5.0;
				TARGETED_DEVICE_FAMILY = 1;
				TEST_TARGET_NAME = Calculator;
			};
			name = Debug;
		};
		5377EE2DC38AF27A0B038AC6 /* Release */ = {
			isa = XCBuildConfiguration;
			buildSettings = {
				CODE_SIGN_IDENTITY = "iPhone Developer";
				INFOPLIST_FILE = "Derived/InfoPlists/Periphery-Info.plist";
				IPHONEOS_DEPLOYMENT_TARGET = 15.6;
				PRODUCT_BUNDLE_IDENTIFIER = dev.CendresChaudes.Calculator.Periphery;
				PRODUCT_NAME = Periphery;
				SDKROOT = iphoneos;
				SUPPORTS_MACCATALYST = NO;
				SUPPORTS_MAC_DESIGNED_FOR_IPHONE_IPAD = NO;
				SUPPORTS_XR_DESIGNED_FOR_IPHONE_IPAD = NO;
				SWIFT_COMPILATION_MODE = wholemodule;
				SWIFT_OPTIMIZATION_LEVEL = "-O";
				SWIFT_VERSION = 5.0;
				TARGETED_DEVICE_FAMILY = 1;
			};
			name = Release;
		};
		A743E9E2FFD09F31CE85DC08 /* Release */ = {
			isa = XCBuildConfiguration;
			baseConfigurationReference = 349B8C502022034706FE262C /* Pods-Calculator.release.xcconfig */;
			buildSettings = {
				ASSETCATALOG_COMPILER_APPICON_NAME = AppIcon;
				ASSETCATALOG_COMPILER_GLOBAL_ACCENT_COLOR_NAME = AccentColor;
				CODE_SIGN_IDENTITY = "iPhone Developer";
				ENABLE_PREVIEWS = YES;
				INFOPLIST_FILE = Calculator/Support/Info.plist;
				IPHONEOS_DEPLOYMENT_TARGET = 15.6;
				LD_RUNPATH_SEARCH_PATHS = (
					"$(inherited)",
					"@executable_path/Frameworks",
				);
				PRODUCT_BUNDLE_IDENTIFIER = dev.CendresChaudes.Calculator;
				PRODUCT_NAME = Calculator;
				SDKROOT = iphoneos;
				SUPPORTS_MACCATALYST = NO;
				SUPPORTS_MAC_DESIGNED_FOR_IPHONE_IPAD = NO;
				SUPPORTS_XR_DESIGNED_FOR_IPHONE_IPAD = NO;
				SWIFT_COMPILATION_MODE = wholemodule;
				SWIFT_OPTIMIZATION_LEVEL = "-O";
				SWIFT_VERSION = 5.0;
				TARGETED_DEVICE_FAMILY = 1;
			};
			name = Release;
		};
		B423FBDD3A9521C751F4BBF0 /* Debug */ = {
			isa = XCBuildConfiguration;
			buildSettings = {
				ALWAYS_SEARCH_USER_PATHS = NO;
				CLANG_ANALYZER_LOCALIZABILITY_NONLOCALIZED = YES;
				CLANG_ANALYZER_NONNULL = YES;
				CLANG_ANALYZER_NUMBER_OBJECT_CONVERSION = YES_AGGRESSIVE;
				CLANG_CXX_LANGUAGE_STANDARD = "gnu++14";
				CLANG_CXX_LIBRARY = "libc++";
				CLANG_ENABLE_MODULES = YES;
				CLANG_ENABLE_OBJC_ARC = YES;
				CLANG_ENABLE_OBJC_WEAK = YES;
				CLANG_WARN_BLOCK_CAPTURE_AUTORELEASING = YES;
				CLANG_WARN_BOOL_CONVERSION = YES;
				CLANG_WARN_COMMA = YES;
				CLANG_WARN_CONSTANT_CONVERSION = YES;
				CLANG_WARN_DEPRECATED_OBJC_IMPLEMENTATIONS = YES;
				CLANG_WARN_DIRECT_OBJC_ISA_USAGE = YES_ERROR;
				CLANG_WARN_DOCUMENTATION_COMMENTS = YES;
				CLANG_WARN_EMPTY_BODY = YES;
				CLANG_WARN_ENUM_CONVERSION = YES;
				CLANG_WARN_INFINITE_RECURSION = YES;
				CLANG_WARN_INT_CONVERSION = YES;
				CLANG_WARN_NON_LITERAL_NULL_CONVERSION = YES;
				CLANG_WARN_OBJC_IMPLICIT_RETAIN_SELF = YES;
				CLANG_WARN_OBJC_LITERAL_CONVERSION = YES;
				CLANG_WARN_OBJC_ROOT_CLASS = YES_ERROR;
				CLANG_WARN_QUOTED_INCLUDE_IN_FRAMEWORK_HEADER = YES;
				CLANG_WARN_RANGE_LOOP_ANALYSIS = YES;
				CLANG_WARN_STRICT_PROTOTYPES = YES;
				CLANG_WARN_SUSPICIOUS_MOVE = YES;
				CLANG_WARN_UNGUARDED_AVAILABILITY = YES_AGGRESSIVE;
				CLANG_WARN_UNREACHABLE_CODE = YES;
				CLANG_WARN__DUPLICATE_METHOD_MATCH = YES;
				CODE_SIGN_STYLE = Automatic;
				COPY_PHASE_STRIP = NO;
				CURRENT_PROJECT_VERSION = 1;
				DEAD_CODE_STRIPPING = YES;
				DEBUG_INFORMATION_FORMAT = dwarf;
				DEVELOPMENT_TEAM = S9449RGK8C;
				ENABLE_STRICT_OBJC_MSGSEND = YES;
				ENABLE_TESTABILITY = YES;
				GCC_C_LANGUAGE_STANDARD = gnu11;
				GCC_DYNAMIC_NO_PIC = NO;
				GCC_NO_COMMON_BLOCKS = YES;
				GCC_OPTIMIZATION_LEVEL = 0;
				GCC_PREPROCESSOR_DEFINITIONS = (
					"DEBUG=1",
					"$(inherited)",
				);
				GCC_WARN_64_TO_32_BIT_CONVERSION = YES;
				GCC_WARN_ABOUT_RETURN_TYPE = YES_ERROR;
				GCC_WARN_UNDECLARED_SELECTOR = YES;
				GCC_WARN_UNINITIALIZED_AUTOS = YES_AGGRESSIVE;
				GCC_WARN_UNUSED_FUNCTION = YES;
				GCC_WARN_UNUSED_VARIABLE = YES;
				MARKETING_VERSION = 1;
				MTL_ENABLE_DEBUG_INFO = YES;
				ONLY_ACTIVE_ARCH = YES;
				PRODUCT_NAME = "$(TARGET_NAME)";
			};
			name = Debug;
		};
		B9C6326677F52CDEDECD4779 /* Debug */ = {
			isa = XCBuildConfiguration;
			baseConfigurationReference = D98BACBF5FFB78742475D8E2 /* Pods-CalculatorTests.debug.xcconfig */;
			buildSettings = {
				BUNDLE_LOADER = "$(TEST_HOST)";
				CODE_SIGN_IDENTITY = "iPhone Developer";
				INFOPLIST_FILE = "Derived/InfoPlists/CalculatorTests-Info.plist";
				IPHONEOS_DEPLOYMENT_TARGET = 15.6;
				LD_RUNPATH_SEARCH_PATHS = (
					"$(inherited)",
					"@executable_path/Frameworks",
					"@loader_path/Frameworks",
				);
				PRODUCT_BUNDLE_IDENTIFIER = dev.CendresChaudes.Calculator.Tests;
				PRODUCT_NAME = CalculatorTests;
				SDKROOT = iphoneos;
				SUPPORTS_MACCATALYST = NO;
				SUPPORTS_MAC_DESIGNED_FOR_IPHONE_IPAD = NO;
				SUPPORTS_XR_DESIGNED_FOR_IPHONE_IPAD = NO;
				SWIFT_ACTIVE_COMPILATION_CONDITIONS = "$(inherited) DEBUG";
				SWIFT_COMPILATION_MODE = singlefile;
				SWIFT_OPTIMIZATION_LEVEL = "-Onone";
				SWIFT_VERSION = 5.0;
				TARGETED_DEVICE_FAMILY = 1;
				TEST_HOST = "$(BUILT_PRODUCTS_DIR)/Calculator.app/$(BUNDLE_EXECUTABLE_FOLDER_PATH)/Calculator";
				TEST_TARGET_NAME = Calculator;
			};
			name = Debug;
		};
		DD0D64D6610995095AD887EB /* Release */ = {
			isa = XCBuildConfiguration;
			baseConfigurationReference = 80DB67B4DD162CD24AA85975 /* Pods-CalculatorUITests.release.xcconfig */;
			buildSettings = {
				CODE_SIGN_IDENTITY = "iPhone Developer";
				INFOPLIST_FILE = "Derived/InfoPlists/CalculatorUITests-Info.plist";
				IPHONEOS_DEPLOYMENT_TARGET = 15.6;
				LD_RUNPATH_SEARCH_PATHS = (
					"$(inherited)",
					"@executable_path/Frameworks",
					"@loader_path/Frameworks",
				);
				PRODUCT_BUNDLE_IDENTIFIER = dev.CendresChaudes.Calculator.UITests;
				PRODUCT_NAME = CalculatorUITests;
				SDKROOT = iphoneos;
				SUPPORTS_MACCATALYST = NO;
				SUPPORTS_MAC_DESIGNED_FOR_IPHONE_IPAD = NO;
				SUPPORTS_XR_DESIGNED_FOR_IPHONE_IPAD = NO;
				SWIFT_COMPILATION_MODE = wholemodule;
				SWIFT_OPTIMIZATION_LEVEL = "-O";
				SWIFT_VERSION = 5.0;
				TARGETED_DEVICE_FAMILY = 1;
				TEST_TARGET_NAME = Calculator;
			};
			name = Release;
		};
/* End XCBuildConfiguration section */

/* Begin XCConfigurationList section */
		067491A30974760AAA24E931 /* Build configuration list for PBXNativeTarget "Periphery" */ = {
			isa = XCConfigurationList;
			buildConfigurations = (
				2E231989105AADC999BC1355 /* Debug */,
				5377EE2DC38AF27A0B038AC6 /* Release */,
			);
			defaultConfigurationIsVisible = 0;
			defaultConfigurationName = Release;
		};
		1F700D656F1DA1F1B2EA4D31 /* Build configuration list for PBXNativeTarget "Calculator" */ = {
			isa = XCConfigurationList;
			buildConfigurations = (
				33127DA67D3043532E160BF6 /* Debug */,
				A743E9E2FFD09F31CE85DC08 /* Release */,
			);
			defaultConfigurationIsVisible = 0;
			defaultConfigurationName = Release;
		};
		237D2BA8516697622180F67A /* Build configuration list for PBXProject "Calculator" */ = {
			isa = XCConfigurationList;
			buildConfigurations = (
				B423FBDD3A9521C751F4BBF0 /* Debug */,
				0D4B67CA332A0E75758EF482 /* Release */,
			);
			defaultConfigurationIsVisible = 0;
			defaultConfigurationName = Release;
		};
		5F3F126198402EDB3A057280 /* Build configuration list for PBXNativeTarget "CalculatorTests" */ = {
			isa = XCConfigurationList;
			buildConfigurations = (
				B9C6326677F52CDEDECD4779 /* Debug */,
				5038B1AB010D9122E1C39A1F /* Release */,
			);
			defaultConfigurationIsVisible = 0;
			defaultConfigurationName = Release;
		};
		E338D7368960FCA7A83578B4 /* Build configuration list for PBXNativeTarget "CalculatorUITests" */ = {
			isa = XCConfigurationList;
			buildConfigurations = (
				530D98BE4B2702F23C52588B /* Debug */,
				DD0D64D6610995095AD887EB /* Release */,
			);
			defaultConfigurationIsVisible = 0;
			defaultConfigurationName = Release;
		};
/* End XCConfigurationList section */

/* Begin XCVersionGroup section */
		70E0993747339096276FA10B /* Calculator.xcdatamodeld */ = {
			isa = XCVersionGroup;
			children = (
				6EFBF5AD1D3EF56FC1D5E03B /* Calculator.xcdatamodel */,
			);
			currentVersion = 6EFBF5AD1D3EF56FC1D5E03B /* Calculator.xcdatamodel */;
			path = Calculator.xcdatamodeld;
			sourceTree = "<group>";
			versionGroupType = wrapper.xcdatamodel;
		};
/* End XCVersionGroup section */
	};
	rootObject = 7B04AF00D8A7A16191845F46 /* Project object */;
}
